{
  "version": 4,
  "terraform_version": "1.14.8",
  "serial": 12,
  "lineage": "8edab852-387d-94a8-b2d4-f43736bd7172",
  "outputs": {
    "public_ip_address": {
      "value": "20.251.39.220",
      "type": "string"
    }
  },
  "resources": [
    {
      "mode": "data",
      "type": "local_file",
      "name": "backend_env",
      "provider": "provider[\"registry.terraform.io/hashicorp/local\"]",
      "instances": [
        {
          "schema_version": 0,
          "attributes": {
            "content": "DATABASE_URL=\"postgresql://postgres:postgres@localhost:5432/cv_analyzer\"\r\nPORT=3001\r\nNODE_ENV=development\r\nFRONTEND_URL=http://localhost:3000\r\nOPENAI_API_KEY=sk-proj-7bEdIGUmSLii-lhXKS7XFsypriPnXrDY8y5RnO2gAnD9PBC9SVJKFH1_WmgJ4dnx6BLf8kPOPENAI_API_KEY=sk-proj-7bEdIGUmSLii-lhXKS7XFsypriPnXrDY8y5RnO2gAnD9PBC9SVJKFH1_WmgJ4dnx6BLf8kPeknT3BlbkFJMKylG_oonl3Us0uhBc4DILq_NcTzVU-9B98d3CZXe1zG3fsmVBC0ePxUcVaz_ZQLL2EkqlZKsAeknT3BlbkFJMKylG_oonl3Us0uhBc4DILq_NcTzVU-9B98d3CZXe1zG3fsmVBC0ePxUcVaz_ZQLL2EkqlZKsA\r\nCLOUDINARY_URL=cloudinary://792912328975974:INeLkDAitY8-kBe3ySrHMMlyNYI@dxnofznqa\r\n\r\n",
            "content_base64": "REFUQUJBU0VfVVJMPSJwb3N0Z3Jlc3FsOi8vcG9zdGdyZXM6cG9zdGdyZXNAbG9jYWxob3N0OjU0MzIvY3ZfYW5hbHl6ZXIiDQpQT1JUPTMwMDENCk5PREVfRU5WPWRldmVsb3BtZW50DQpGUk9OVEVORF9VUkw9aHR0cDovL2xvY2FsaG9zdDozMDAwDQpPUEVOQUlfQVBJX0tFWT1zay1wcm9qLTdiRWRJR1VtU0xpaS1saFhLUzdYRnN5cHJpUG5YckRZOHk1Um5PMmdBbkQ5UEJDOVNWSktGSDFfV21nSjRkbng2QkxmOGtQT1BFTkFJX0FQSV9LRVk9c2stcHJvai03YkVkSUdVbVNMaWktbGhYS1M3WEZzeXByaVBuWHJEWTh5NVJuTzJnQW5EOVBCQzlTVkpLRkgxX1dtZ0o0ZG54NkJMZjhrUGVrblQzQmxia0ZKTUt5bEdfb29ubDNVczB1aEJjNERJTHFfTmNUelZVLTlCOThkM0NaWGUxekczZnNtVkJDMGVQeFVjVmF6X1pRTEwyRWtxbFpLc0Fla25UM0JsYmtGSk1LeWxHX29vbmwzVXMwdWhCYzRESUxxX05jVHpWVS05Qjk4ZDNDWlhlMXpHM2ZzbVZCQzBlUHhVY1Zhel9aUUxMMkVrcWxaS3NBDQpDTE9VRElOQVJZX1VSTD1jbG91ZGluYXJ5Oi8vNzkyOTEyMzI4OTc1OTc0OklOZUxrREFpdFk4LWtCZTN5U3JITU1seU5ZSUBkeG5vZnpucWENCg0K",
            "content_base64sha256": "CxC9xQTabfeNQizm6duk0eH7SBxFLmsjgIrSryfsNRg=",
            "content_base64sha512": "aylOazw+GOKTSs9ls5OcVkthMDm9edFIsFX/iBp4baqkFTiOH1GIEzM6vbFT1bLuLoRaRiGJAEXiOAfKemvifQ==",
            "content_md5": "e4ea2e5554b5e777d7e3819ad1ba0bcf",
            "content_sha1": "ca569e2c40b653b26e484576706de94fa26469db",
            "content_sha256": "0b10bdc504da6df78d422ce6e9dba4d1e1fb481c452e6b23808ad2af27ec3518",
            "content_sha512": "6b294e6b3c3e18e2934acf65b3939c564b613039bd79d148b055ff881a786daaa415388e1f518813333abdb153d5b2ee2e845a4621890045e23807ca7a6be27d",
            "filename": "./../backend/.env",
            "id": "ca569e2c40b653b26e484576706de94fa26469db"
          },
          "sensitive_attributes": [],
          "identity_schema_version": 0
        }
      ]
    },
    {
      "mode": "data",
      "type": "local_file",
      "name": "frontend_env",
      "provider": "provider[\"registry.terraform.io/hashicorp/local\"]",
      "instances": [
        {
          "schema_version": 0,
          "attributes": {
            "content": "NEXT_PUBLIC_API_URL=http://localhost:3001",
            "content_base64": "TkVYVF9QVUJMSUNfQVBJX1VSTD1odHRwOi8vbG9jYWxob3N0OjMwMDE=",
            "content_base64sha256": "4u6OIih4mBGrs413L0Je3qlZOiTK+GoGXpAl8CzzH9Y=",
            "content_base64sha512": "gqj3yaq64lzAJ2+4F/0JED84ShkoaUIN9+oQPrrM9erQZ2/ETOzmvA6WHG/IenwmLDlldxDtqjl2/brtdo8sGw==",
            "content_md5": "84cbd1271d3a873d4af5708c1db374b8",
            "content_sha1": "d8a5e219bd40669da320b9c4a8df171f6514f307",
            "content_sha256": "e2ee8e2228789811abb38d772f425edea9593a24caf86a065e9025f02cf31fd6",
            "content_sha512": "82a8f7c9aabae25cc0276fb817fd09103f384a192869420df7ea103ebaccf5ead0676fc44cece6bc0e961c6fc87a7c262c39657710edaa3976fdbaed768f2c1b",
            "filename": "./../frontend/.env",
            "id": "d8a5e219bd40669da320b9c4a8df171f6514f307"
          },
          "sensitive_attributes": [],
          "identity_schema_version": 0
        }
      ]
    },
    {
      "mode": "managed",
      "type": "azurerm_linux_virtual_machine",
      "name": "iv-vm",
      "provider": "provider[\"registry.terraform.io/hashicorp/azurerm\"]",
      "instances": [
        {
          "schema_version": 0,
          "attributes": {
            "additional_capabilities": [],
            "admin_password": "Password_123",
            "admin_ssh_key": [],
            "admin_username": "adminuser",
            "allow_extension_operations": true,
            "availability_set_id": "",
            "boot_diagnostics": [],
            "bypass_platform_safety_checks_on_user_schedule_enabled": false,
            "capacity_reservation_group_id": "",
            "computer_name": "iv-vm",
            "custom_data": null,
            "dedicated_host_group_id": "",
            "dedicated_host_id": "",
            "disable_password_authentication": false,
            "disk_controller_type": "",
            "edge_zone": "",
            "encryption_at_host_enabled": false,
            "eviction_policy": "",
            "extensions_time_budget": "PT1H30M",
            "gallery_application": [],
            "id": "/subscriptions/d991a402-1a87-4c79-b45c-a8883916afea/resourceGroups/iv-rg/providers/Microsoft.Compute/virtualMachines/iv-vm",
            "identity": [],
            "license_type": "",
            "location": "norwayeast",
            "max_bid_price": -1,
            "name": "iv-vm",
            "network_interface_ids": [
              "/subscriptions/d991a402-1a87-4c79-b45c-a8883916afea/resourceGroups/iv-rg/providers/Microsoft.Network/networkInterfaces/iv-nic"
            ],
            "os_disk": [
              {
                "caching": "ReadWrite",
                "diff_disk_settings": [],
                "disk_encryption_set_id": "",
                "disk_size_gb": 30,
                "id": "/subscriptions/d991a402-1a87-4c79-b45c-a8883916afea/resourceGroups/iv-rg/providers/Microsoft.Compute/disks/iv-vm_OsDisk_1_ad74d8c0f7e54755870cee2152ed8ad5",
                "name": "iv-vm_OsDisk_1_ad74d8c0f7e54755870cee2152ed8ad5",
                "secure_vm_disk_encryption_set_id": "",
                "security_encryption_type": "",
                "storage_account_type": "Standard_LRS",
                "write_accelerator_enabled": false
              }
            ],
            "os_image_notification": [],
            "os_managed_disk_id": "/subscriptions/d991a402-1a87-4c79-b45c-a8883916afea/resourceGroups/iv-rg/providers/Microsoft.Compute/disks/iv-vm_OsDisk_1_ad74d8c0f7e54755870cee2152ed8ad5",
            "patch_assessment_mode": "ImageDefault",
            "patch_mode": "ImageDefault",
            "plan": [],
            "platform_fault_domain": -1,
            "priority": "Regular",
            "private_ip_address": "10.0.1.4",
            "private_ip_addresses": [
              "10.0.1.4"
            ],
            "provision_vm_agent": true,
            "proximity_placement_group_id": "",
            "public_ip_address": "20.251.39.220",
            "public_ip_addresses": [
              "20.251.39.220"
            ],
            "reboot_setting": "",
            "resource_group_name": "iv-rg",
            "secret": [],
            "secure_boot_enabled": false,
            "size": "Standard_D2s_v3",
            "source_image_id": "",
            "source_image_reference": [
              {
                "offer": "0001-com-ubuntu-server-jammy",
                "publisher": "Canonical",
                "sku": "22_04-lts",
                "version": "latest"
              }
            ],
            "tags": null,
            "termination_notification": null,
            "timeouts": null,
            "user_data": "",
            "virtual_machine_id": "31a3068d-2c7b-42f7-a92f-ca2cd5041a09",
            "virtual_machine_scale_set_id": "",
            "vm_agent_platform_updates_enabled": false,
            "vtpm_enabled": false,
            "zone": ""
          },
          "sensitive_attributes": [
            [
              {
                "type": "get_attr",
                "value": "admin_password"
              }
            ],
            [
              {
                "type": "get_attr",
                "value": "custom_data"
              }
            ]
          ],
          "identity_schema_version": 0,
          "private": "eyJlMmJmYjczMC1lY2FhLTExZTYtOGY4OC0zNDM2M2JjN2M0YzAiOnsiY3JlYXRlIjoyNzAwMDAwMDAwMDAwLCJkZWxldGUiOjI3MDAwMDAwMDAwMDAsInJlYWQiOjMwMDAwMDAwMDAwMCwidXBkYXRlIjoyNzAwMDAwMDAwMDAwfX0=",
          "dependencies": [
            "azurerm_network_interface.iv-nic",
            "azurerm_public_ip.iv-pip",
            "azurerm_resource_group.iv-rg",
            "azurerm_subnet.iv-subnet",
            "azurerm_virtual_network.iv-vnet"
          ]
        }
      ]
    },
    {
      "mode": "managed",
      "type": "azurerm_network_interface",
      "name": "iv-nic",
      "provider": "provider[\"registry.terraform.io/hashicorp/azurerm\"]",
      "instances": [
        {
          "schema_version": 0,
          "attributes": {
            "accelerated_networking_enabled": false,
            "applied_dns_servers": [],
            "auxiliary_mode": "",
            "auxiliary_sku": "",
            "dns_servers": null,
            "edge_zone": "",
            "id": "/subscriptions/d991a402-1a87-4c79-b45c-a8883916afea/resourceGroups/iv-rg/providers/Microsoft.Network/networkInterfaces/iv-nic",
            "internal_dns_name_label": "",
            "internal_domain_name_suffix": "5omqupkirn1uxafeawbq0vxxvc.oslx.internal.cloudapp.net",
            "ip_configuration": [
              {
                "gateway_load_balancer_frontend_ip_configuration_id": "",
                "name": "iv-nic-configuration",
                "primary": true,
                "private_ip_address": "10.0.1.4",
                "private_ip_address_allocation": "Dynamic",
                "private_ip_address_version": "IPv4",
                "public_ip_address_id": "/subscriptions/d991a402-1a87-4c79-b45c-a8883916afea/resourceGroups/iv-rg/providers/Microsoft.Network/publicIPAddresses/iv-pip",
                "subnet_id": "/subscriptions/d991a402-1a87-4c79-b45c-a8883916afea/resourceGroups/iv-rg/providers/Microsoft.Network/virtualNetworks/iv-vnet/subnets/iv-subnet"
              }
            ],
            "ip_forwarding_enabled": false,
            "location": "norwayeast",
            "mac_address": "",
            "name": "iv-nic",
            "private_ip_address": "10.0.1.4",
            "private_ip_addresses": [
              "10.0.1.4"
            ],
            "resource_group_name": "iv-rg",
            "tags": null,
            "timeouts": null,
            "virtual_machine_id": ""
          },
          "sensitive_attributes": [],
          "identity_schema_version": 0,
          "identity": {
            "name": "iv-nic",
            "resource_group_name": "iv-rg",
            "subscription_id": "d991a402-1a87-4c79-b45c-a8883916afea"
          },
          "private": "eyJlMmJmYjczMC1lY2FhLTExZTYtOGY4OC0zNDM2M2JjN2M0YzAiOnsiY3JlYXRlIjoxODAwMDAwMDAwMDAwLCJkZWxldGUiOjE4MDAwMDAwMDAwMDAsInJlYWQiOjMwMDAwMDAwMDAwMCwidXBkYXRlIjoxODAwMDAwMDAwMDAwfX0=",
          "dependencies": [
            "azurerm_public_ip.iv-pip",
            "azurerm_resource_group.iv-rg",
            "azurerm_subnet.iv-subnet",
            "azurerm_virtual_network.iv-vnet"
          ]
        }
      ]
    },
    {
      "mode": "managed",
      "type": "azurerm_network_interface_security_group_association",
      "name": "iv-nic-nsg",
      "provider": "provider[\"registry.terraform.io/hashicorp/azurerm\"]",
      "instances": [
        {
          "schema_version": 0,
          "attributes": {
            "id": "/subscriptions/d991a402-1a87-4c79-b45c-a8883916afea/resourceGroups/iv-rg/providers/Microsoft.Network/networkInterfaces/iv-nic|/subscriptions/d991a402-1a87-4c79-b45c-a8883916afea/resourceGroups/iv-rg/providers/Microsoft.Network/networkSecurityGroups/iv-nsg",
            "network_interface_id": "/subscriptions/d991a402-1a87-4c79-b45c-a8883916afea/resourceGroups/iv-rg/providers/Microsoft.Network/networkInterfaces/iv-nic",
            "network_security_group_id": "/subscriptions/d991a402-1a87-4c79-b45c-a8883916afea/resourceGroups/iv-rg/providers/Microsoft.Network/networkSecurityGroups/iv-nsg",
            "timeouts": null
          },
          "sensitive_attributes": [],
          "identity_schema_version": 0,
          "private": "eyJlMmJmYjczMC1lY2FhLTExZTYtOGY4OC0zNDM2M2JjN2M0YzAiOnsiY3JlYXRlIjoxODAwMDAwMDAwMDAwLCJkZWxldGUiOjE4MDAwMDAwMDAwMDAsInJlYWQiOjMwMDAwMDAwMDAwMH19",
          "dependencies": [
            "azurerm_network_interface.iv-nic",
            "azurerm_network_security_group.iv-nsg",
            "azurerm_public_ip.iv-pip",
            "azurerm_resource_group.iv-rg",
            "azurerm_subnet.iv-subnet",
            "azurerm_virtual_network.iv-vnet"
          ]
        }
      ]
    },
    {
      "mode": "managed",
      "type": "azurerm_network_security_group",
      "name": "iv-nsg",
      "provider": "provider[\"registry.terraform.io/hashicorp/azurerm\"]",
      "instances": [
        {
          "schema_version": 0,
          "attributes": {
            "id": "/subscriptions/d991a402-1a87-4c79-b45c-a8883916afea/resourceGroups/iv-rg/providers/Microsoft.Network/networkSecurityGroups/iv-nsg",
            "location": "norwayeast",
            "name": "iv-nsg",
            "resource_group_name": "iv-rg",
            "security_rule": [
              {
                "access": "Allow",
                "description": "",
                "destination_address_prefix": "*",
                "destination_address_prefixes": [],
                "destination_application_security_group_ids": [],
                "destination_port_range": "22",
                "destination_port_ranges": [],
                "direction": "Inbound",
                "name": "SSH",
                "priority": 1001,
                "protocol": "Tcp",
                "source_address_prefix": "*",
                "source_address_prefixes": [],
                "source_application_security_group_ids": [],
                "source_port_range": "*",
                "source_port_ranges": []
              },
              {
                "access": "Allow",
                "description": "",
                "destination_address_prefix": "*",
                "destination_address_prefixes": [],
                "destination_application_security_group_ids": [],
                "destination_port_range": "3000",
                "destination_port_ranges": [],
                "direction": "Inbound",
                "name": "Grafana",
                "priority": 1004,
                "protocol": "Tcp",
                "source_address_prefix": "*",
                "source_address_prefixes": [],
                "source_application_security_group_ids": [],
                "source_port_range": "*",
                "source_port_ranges": []
              },
              {
                "access": "Allow",
                "description": "",
                "destination_address_prefix": "*",
                "destination_address_prefixes": [],
                "destination_application_security_group_ids": [],
                "destination_port_range": "5000",
                "destination_port_ranges": [],
                "direction": "Inbound",
                "name": "API",
                "priority": 1003,
                "protocol": "Tcp",
                "source_address_prefix": "*",
                "source_address_prefixes": [],
                "source_application_security_group_ids": [],
                "source_port_range": "*",
                "source_port_ranges": []
              },
              {
                "access": "Allow",
                "description": "",
                "destination_address_prefix": "*",
                "destination_address_prefixes": [],
                "destination_application_security_group_ids": [],
                "destination_port_range": "80",
                "destination_port_ranges": [],
                "direction": "Inbound",
                "name": "HTTP",
                "priority": 1002,
                "protocol": "Tcp",
                "source_address_prefix": "*",
                "source_address_prefixes": [],
                "source_application_security_group_ids": [],
                "source_port_range": "*",
                "source_port_ranges": []
              },
              {
                "access": "Allow",
                "description": "",
                "destination_address_prefix": "*",
                "destination_address_prefixes": [],
                "destination_application_security_group_ids": [],
                "destination_port_range": "9090",
                "destination_port_ranges": [],
                "direction": "Inbound",
                "name": "Prometheus",
                "priority": 1005,
                "protocol": "Tcp",
                "source_address_prefix": "*",
                "source_address_prefixes": [],
                "source_application_security_group_ids": [],
                "source_port_range": "*",
                "source_port_ranges": []
              }
            ],
            "tags": null,
            "timeouts": null
          },
          "sensitive_attributes": [],
          "identity_schema_version": 0,
          "identity": {
            "name": "iv-nsg",
            "resource_group_name": "iv-rg",
            "subscription_id": "d991a402-1a87-4c79-b45c-a8883916afea"
          },
          "private": "eyJlMmJmYjczMC1lY2FhLTExZTYtOGY4OC0zNDM2M2JjN2M0YzAiOnsiY3JlYXRlIjoxODAwMDAwMDAwMDAwLCJkZWxldGUiOjE4MDAwMDAwMDAwMDAsInJlYWQiOjMwMDAwMDAwMDAwMCwidXBkYXRlIjoxODAwMDAwMDAwMDAwfX0=",
          "dependencies": [
            "azurerm_resource_group.iv-rg"
          ]
        }
      ]
    },
    {
      "mode": "managed",
      "type": "azurerm_public_ip",
      "name": "iv-pip",
      "provider": "provider[\"registry.terraform.io/hashicorp/azurerm\"]",
      "instances": [
        {
          "schema_version": 0,
          "attributes": {
            "allocation_method": "Static",
            "ddos_protection_mode": "VirtualNetworkInherited",
            "ddos_protection_plan_id": null,
            "domain_name_label": "",
            "domain_name_label_scope": "",
            "edge_zone": "",
            "fqdn": "",
            "id": "/subscriptions/d991a402-1a87-4c79-b45c-a8883916afea/resourceGroups/iv-rg/providers/Microsoft.Network/publicIPAddresses/iv-pip",
            "idle_timeout_in_minutes": 4,
            "ip_address": "20.251.39.220",
            "ip_tags": null,
            "ip_version": "IPv4",
            "location": "norwayeast",
            "name": "iv-pip",
            "public_ip_prefix_id": null,
            "resource_group_name": "iv-rg",
            "reverse_fqdn": "",
            "sku": "Standard",
            "sku_tier": "Regional",
            "tags": null,
            "timeouts": null,
            "zones": null
          },
          "sensitive_attributes": [],
          "identity_schema_version": 0,
          "identity": {
            "name": "iv-pip",
            "resource_group_name": "iv-rg",
            "subscription_id": "d991a402-1a87-4c79-b45c-a8883916afea"
          },
          "private": "eyJlMmJmYjczMC1lY2FhLTExZTYtOGY4OC0zNDM2M2JjN2M0YzAiOnsiY3JlYXRlIjoxODAwMDAwMDAwMDAwLCJkZWxldGUiOjE4MDAwMDAwMDAwMDAsInJlYWQiOjMwMDAwMDAwMDAwMCwidXBkYXRlIjoxODAwMDAwMDAwMDAwfX0=",
          "dependencies": [
            "azurerm_resource_group.iv-rg"
          ]
        }
      ]
    },
    {
      "mode": "managed",
      "type": "azurerm_resource_group",
      "name": "iv-rg",
      "provider": "provider[\"registry.terraform.io/hashicorp/azurerm\"]",
      "instances": [
        {
          "schema_version": 0,
          "attributes": {
            "id": "/subscriptions/d991a402-1a87-4c79-b45c-a8883916afea/resourceGroups/iv-rg",
            "location": "norwayeast",
            "managed_by": "",
            "name": "iv-rg",
            "tags": {
              "environment": "dev"
            },
            "timeouts": null
          },
          "sensitive_attributes": [],
          "identity_schema_version": 0,
          "identity": {
            "name": "iv-rg",
            "subscription_id": "d991a402-1a87-4c79-b45c-a8883916afea"
          },
          "private": "eyJlMmJmYjczMC1lY2FhLTExZTYtOGY4OC0zNDM2M2JjN2M0YzAiOnsiY3JlYXRlIjo1NDAwMDAwMDAwMDAwLCJkZWxldGUiOjU0MDAwMDAwMDAwMDAsInJlYWQiOjMwMDAwMDAwMDAwMCwidXBkYXRlIjo1NDAwMDAwMDAwMDAwfX0="
        }
      ]
    },
    {
      "mode": "managed",
      "type": "azurerm_subnet",
      "name": "iv-subnet",
      "provider": "provider[\"registry.terraform.io/hashicorp/azurerm\"]",
      "instances": [
        {
          "schema_version": 0,
          "attributes": {
            "address_prefixes": [
              "10.0.1.0/24"
            ],
            "default_outbound_access_enabled": true,
            "delegation": [],
            "id": "/subscriptions/d991a402-1a87-4c79-b45c-a8883916afea/resourceGroups/iv-rg/providers/Microsoft.Network/virtualNetworks/iv-vnet/subnets/iv-subnet",
            "ip_address_pool": [],
            "name": "iv-subnet",
            "private_endpoint_network_policies": "Disabled",
            "private_link_service_network_policies_enabled": true,
            "resource_group_name": "iv-rg",
            "service_endpoint_policy_ids": null,
            "service_endpoints": null,
            "sharing_scope": "",
            "timeouts": null,
            "virtual_network_name": "iv-vnet"
          },
          "sensitive_attributes": [],
          "identity_schema_version": 0,
          "identity": {
            "name": "iv-subnet",
            "resource_group_name": "iv-rg",
            "subscription_id": "d991a402-1a87-4c79-b45c-a8883916afea",
            "virtual_network_name": "iv-vnet"
          },
          "private": "eyJlMmJmYjczMC1lY2FhLTExZTYtOGY4OC0zNDM2M2JjN2M0YzAiOnsiY3JlYXRlIjoxODAwMDAwMDAwMDAwLCJkZWxldGUiOjE4MDAwMDAwMDAwMDAsInJlYWQiOjMwMDAwMDAwMDAwMCwidXBkYXRlIjoxODAwMDAwMDAwMDAwfX0=",
          "dependencies": [
            "azurerm_resource_group.iv-rg",
            "azurerm_virtual_network.iv-vnet"
          ]
        }
      ]
    },
    {
      "mode": "managed",
      "type": "azurerm_virtual_network",
      "name": "iv-vnet",
      "provider": "provider[\"registry.terraform.io/hashicorp/azurerm\"]",
      "instances": [
        {
          "schema_version": 0,
          "attributes": {
            "address_space": [
              "10.0.0.0/16"
            ],
            "bgp_community": "",
            "ddos_protection_plan": [],
            "dns_servers": [],
            "edge_zone": "",
            "encryption": [],
            "flow_timeout_in_minutes": 0,
            "guid": "3d0a99fb-8b48-4b77-80a4-05830d56f7aa",
            "id": "/subscriptions/d991a402-1a87-4c79-b45c-a8883916afea/resourceGroups/iv-rg/providers/Microsoft.Network/virtualNetworks/iv-vnet",
            "ip_address_pool": [],
            "location": "norwayeast",
            "name": "iv-vnet",
            "private_endpoint_vnet_policies": "Disabled",
            "resource_group_name": "iv-rg",
            "subnet": [],
            "tags": null,
            "timeouts": null
          },
          "sensitive_attributes": [],
          "identity_schema_version": 0,
          "identity": {
            "name": "iv-vnet",
            "resource_group_name": "iv-rg",
            "subscription_id": "d991a402-1a87-4c79-b45c-a8883916afea"
          },
          "private": "eyJlMmJmYjczMC1lY2FhLTExZTYtOGY4OC0zNDM2M2JjN2M0YzAiOnsiY3JlYXRlIjoxODAwMDAwMDAwMDAwLCJkZWxldGUiOjE4MDAwMDAwMDAwMDAsInJlYWQiOjMwMDAwMDAwMDAwMCwidXBkYXRlIjoxODAwMDAwMDAwMDAwfX0=",
          "dependencies": [
            "azurerm_resource_group.iv-rg"
          ]
        }
      ]
    },
    {
      "mode": "managed",
      "type": "local_file",
      "name": "ansible_inventory",
      "provider": "provider[\"registry.terraform.io/hashicorp/local\"]",
      "instances": [
        {
          "schema_version": 0,
          "attributes": {
            "content": "[cv_analyzer]\ncv-analyzer-vm ansible_host=20.251.39.220 ansible_user=adminuser ansible_password=Password_123 ansible_ssh_common_args='-o StrictHostKeyChecking=no'\n",
            "content_base64": null,
            "content_base64sha256": "zcJX+I7oXZ10Dm+sgystU9Qu9cxt3fyWvFgx2bjYZWM=",
            "content_base64sha512": "1vYMCGZhVxvQuxjN5Qqidsus5a/AxMVl0uAAdsOCtgh2Tz/3iT8Js0P0vv9Wrq7RriDng1gXT5kNGs1hazAUBw==",
            "content_md5": "198ed1d47a1e1bf4416567a48157f6d8",
            "content_sha1": "b09413a10479a91842f18a52e8c556c0a314d75b",
            "content_sha256": "cdc257f88ee85d9d740e6fac832b2d53d42ef5cc6dddfc96bc5831d9b8d86563",
            "content_sha512": "d6f60c086661571bd0bb18cde50aa276cbace5afc0c4c565d2e00076c382b608764f3ff7893f09b343f4beff56aeaed1ae20e78358174f990d1acd616b301407",
            "directory_permission": "0777",
            "file_permission": "0777",
            "filename": "./../ansible/inventory.ini",
            "id": "b09413a10479a91842f18a52e8c556c0a314d75b",
            "sensitive_content": null,
            "source": null
          },
          "sensitive_attributes": [
            [
              {
                "type": "get_attr",
                "value": "sensitive_content"
              }
            ]
          ],
          "identity_schema_version": 0,
          "dependencies": [
            "azurerm_public_ip.iv-pip",
            "azurerm_resource_group.iv-rg"
          ]
        }
      ]
    },
    {
      "mode": "managed",
      "type": "local_file",
      "name": "backend_env_production",
      "provider": "provider[\"registry.terraform.io/hashicorp/local\"]",
      "instances": [
        {
          "schema_version": 0,
          "attributes": {
            "content": "DATABASE_URL=\"postgresql://postgres:postgres@20.251.39.220:5432/cv_analyzer\"\r\nPORT=3001\r\nNODE_ENV=production\r\nFRONTEND_URL=http://20.251.39.220:3000\r\nOPENAI_API_KEY=sk-proj-7bEdIGUmSLii-lhXKS7XFsypriPnXrDY8y5RnO2gAnD9PBC9SVJKFH1_WmgJ4dnx6BLf8kPOPENAI_API_KEY=sk-proj-7bEdIGUmSLii-lhXKS7XFsypriPnXrDY8y5RnO2gAnD9PBC9SVJKFH1_WmgJ4dnx6BLf8kPeknT3BlbkFJMKylG_oonl3Us0uhBc4DILq_NcTzVU-9B98d3CZXe1zG3fsmVBC0ePxUcVaz_ZQLL2EkqlZKsAeknT3BlbkFJMKylG_oonl3Us0uhBc4DILq_NcTzVU-9B98d3CZXe1zG3fsmVBC0ePxUcVaz_ZQLL2EkqlZKsA\r\nCLOUDINARY_URL=cloudinary://792912328975974:INeLkDAitY8-kBe3ySrHMMlyNYI@dxnofznqa\r\n\r\n",
            "content_base64": null,
            "content_base64sha256": "LWP8N84HUwMGn3slNLmF0usjIuvAnjdcesg/K4wEHPY=",
            "content_base64sha512": "Ngg1msjSaUHQr4khBFmoxH8CilqEfTGraYeA1C7u/6vHuWNSjAIm2jJext8TCIfXq6rHC+wvbFJwFY4voxbW8Q==",
            "content_md5": "da2e92df62b27d8593a6cefc1569abae",
            "content_sha1": "513d5550f1196fdf70cfec3487415e8fe0632923",
            "content_sha256": "2d63fc37ce075303069f7b2534b985d2eb2322ebc09e375c7ac83f2b8c041cf6",
            "content_sha512": "3608359ac8d26941d0af89210459a8c47f028a5a847d31ab698780d42eeeffabc7b963528c0226da325ec6df130887d7abaac70bec2f6c5270158e2fa316d6f1",
            "directory_permission": "0777",
            "file_permission": "0777",
            "filename": "./../backend/.env.production",
            "id": "513d5550f1196fdf70cfec3487415e8fe0632923",
            "sensitive_content": null,
            "source": null
          },
          "sensitive_attributes": [
            [
              {
                "type": "get_attr",
                "value": "sensitive_content"
              }
            ]
          ],
          "identity_schema_version": 0,
          "dependencies": [
            "azurerm_public_ip.iv-pip",
            "azurerm_resource_group.iv-rg",
            "data.local_file.backend_env"
          ]
        }
      ]
    },
    {
      "mode": "managed",
      "type": "local_file",
      "name": "frontend_env_production",
      "provider": "provider[\"registry.terraform.io/hashicorp/local\"]",
      "instances": [
        {
          "schema_version": 0,
          "attributes": {
            "content": "NEXT_PUBLIC_API_URL=http://20.251.39.220:3001",
            "content_base64": null,
            "content_base64sha256": "+O2Qo1Lska611+1aZq52JUcsYMiSCMgBS15OgELG+FQ=",
            "content_base64sha512": "TAcNmZOfgKyxV9QU2uRVT6RcpmBp2SBUEBFRyK1/3LoH+mctI4LUAl0XWqjLY+dPulTaR/PL9PBDgMipchaiQw==",
            "content_md5": "635f24227413ac59e1324790bd374004",
            "content_sha1": "eb91d339962b4f1bd3e9f7a92bad58b2b6fcb5f6",
            "content_sha256": "f8ed90a352ec91aeb5d7ed5a66ae7625472c60c89208c8014b5e4e8042c6f854",
            "content_sha512": "4c070d99939f80acb157d414dae4554fa45ca66069d92054101151c8ad7fdcba07fa672d2382d4025d175aa8cb63e74fba54da47f3cbf4f04380c8a97216a243",
            "directory_permission": "0777",
            "file_permission": "0777",
            "filename": "./../frontend/.env.production",
            "id": "eb91d339962b4f1bd3e9f7a92bad58b2b6fcb5f6",
            "sensitive_content": null,
            "source": null
          },
          "sensitive_attributes": [
            [
              {
                "type": "get_attr",
                "value": "sensitive_content"
              }
            ]
          ],
          "identity_schema_version": 0,
          "dependencies": [
            "azurerm_public_ip.iv-pip",
            "azurerm_resource_group.iv-rg",
            "data.local_file.frontend_env"
          ]
        }
      ]
    }
  ],
  "check_results": null
}
